
Microsoft Visual Studio Solution File, Format Version 12.00
# Visual Studio 2013
VisualStudioVersion = 12.0.30501.0
MinimumVisualStudioVersion = 10.0.40219.1
Project("{2150E333-8FDC-42A3-9474-1A3956D46DE8}") = "01_Client", "01_Client", "{80B456A4-FCCD-4178-BE51-A6DE786C9364}"
EndProject
Project("{2150E333-8FDC-42A3-9474-1A3956D46DE8}") = "02_Hosting", "02_Hosting", "{CAA2B20B-DF07-4AE2-B192-7D85E595E1FA}"
EndProject
Project("{2150E333-8FDC-42A3-9474-1A3956D46DE8}") = "03_Domain", "03_Domain", "{D6FF15EF-8B0A-43B3-BA08-5C99F6F9EBA7}"
EndProject
Project("{2150E333-8FDC-42A3-9474-1A3956D46DE8}") = "04_Infrastructure", "04_Infrastructure", "{35270BA1-FB7F-4BC1-A5E7-AD57D0663054}"
EndProject
Project("{2150E333-8FDC-42A3-9474-1A3956D46DE8}") = "05_Database", "05_Database", "{889CA6C8-1FA0-45D0-8827-B5A2881CCDF9}"
EndProject
Project("{2150E333-8FDC-42A3-9474-1A3956D46DE8}") = "06_Tests", "06_Tests", "{656F52EF-DDD5-4A18-8E2B-1E96FFCF21D7}"
EndProject
Project("{FAE04EC0-301F-11D3-BF4B-00C04F79EFBC}") = "ND.MCJ.WebAPI", "Hosting\ND.MCJ.WebApi\ND.MCJ.WebAPI.csproj", "{40270466-EF2C-4664-A0EF-7570F1778588}"
EndProject
Project("{FAE04EC0-301F-11D3-BF4B-00C04F79EFBC}") = "ND.MCJ.WebApi.Tests", "Tests\ND.MCJ.WebApi.Tests\ND.MCJ.WebApi.Tests.csproj", "{4FD47D60-9782-494A-BC99-A3A09062E018}"
EndProject
Project("{FAE04EC0-301F-11D3-BF4B-00C04F79EFBC}") = "ND.MCJ.AdminWeb", "Client\ND.MCJ.AdminWeb\ND.MCJ.AdminWeb.csproj", "{74B6F92F-996D-429D-AD7B-C75BEE2135E0}"
EndProject
Project("{FAE04EC0-301F-11D3-BF4B-00C04F79EFBC}") = "ND.MCJ.AdminWeb.Tests", "Tests\ND.MCJ.AdminWeb.Tests\ND.MCJ.AdminWeb.Tests.csproj", "{812BC872-EAEA-4735-90CA-6EB57A61E1B4}"
EndProject
Project("{FAE04EC0-301F-11D3-BF4B-00C04F79EFBC}") = "ND.MCJ.StaticFile", "Client\ND.MCJ.StaticFile\ND.MCJ.StaticFile.csproj", "{C0E2541C-896A-443C-9D1F-46BC6E5A501F}"
EndProject
Project("{2150E333-8FDC-42A3-9474-1A3956D46DE8}") = "07_ReferenceLibs", "07_ReferenceLibs", "{61BBE965-FF0F-4DA8-A450-EC440C935E9E}"
EndProject
Project("{2150E333-8FDC-42A3-9474-1A3956D46DE8}") = "08_Tools", "08_Tools", "{1C3CC3B9-5EF3-4C59-8947-3AB70937CEDF}"
EndProject
Project("{FAE04EC0-301F-11D3-BF4B-00C04F79EFBC}") = "ND.MCJ.Xclinet", "Client\ND.MCJ.Xclinet\ND.MCJ.Xclinet.csproj", "{F22B6FC7-3CA6-4100-AB1D-11845AF7DA30}"
EndProject
Project("{FAE04EC0-301F-11D3-BF4B-00C04F79EFBC}") = "ND.MCJ.Repository", "Domain\ND.MCJ.Repository\ND.MCJ.Repository.csproj", "{83D75E01-DF9A-443C-A34F-C59532B491E6}"
EndProject
Project("{FAE04EC0-301F-11D3-BF4B-00C04F79EFBC}") = "ND.MCJ.WebAPIService", "Domain\Service\ND.MCJ.Service\ND.MCJ.WebAPIService.csproj", "{E37794BC-0E2B-4350-AAAF-78772B6B1D69}"
EndProject
Project("{FAE04EC0-301F-11D3-BF4B-00C04F79EFBC}") = "ND.MCJ.Model", "Domain\ND.MCJ.Model\ND.MCJ.Model.csproj", "{59F3AD59-89D5-4321-98E3-FBF52CAC8E59}"
EndProject
Project("{FAE04EC0-301F-11D3-BF4B-00C04F79EFBC}") = "ND.MCJ.Framework", "Infrastructure\ND.MCJ.Framework\ND.MCJ.Framework.csproj", "{6E7BEF89-EEE0-4475-AEDF-0652AE4276EE}"
EndProject
Project("{FAE04EC0-301F-11D3-BF4B-00C04F79EFBC}") = "ND.MCJ.Easemob", "Infrastructure\SDK\ND.MCJ.Easemob\ND.MCJ.Easemob.csproj", "{511FACF4-A153-4294-87AF-F2D8645F0489}"
EndProject
Project("{FAE04EC0-301F-11D3-BF4B-00C04F79EFBC}") = "ND.MCJ.Wechat", "Infrastructure\SDK\ND.MCJ.Wechat\ND.MCJ.Wechat.csproj", "{A1C9442A-7110-4AE5-AB59-597D5F3A6803}"
EndProject
Project("{FAE04EC0-301F-11D3-BF4B-00C04F79EFBC}") = "ND.MCJ.JdPay", "Infrastructure\SDK\Pay\ND.MCJ.JdPay\ND.MCJ.JdPay.csproj", "{19AF2529-9694-469A-8275-94D8651F57AF}"
EndProject
Project("{FAE04EC0-301F-11D3-BF4B-00C04F79EFBC}") = "ND.MCJ.AliPay", "Infrastructure\SDK\Pay\ND.MCJ.AliPay\ND.MCJ.AliPay.csproj", "{26B78DE3-B1CC-4BCF-A5F8-A0528046B08D}"
EndProject
Project("{FAE04EC0-301F-11D3-BF4B-00C04F79EFBC}") = "ND.MCJ.WxPay", "Infrastructure\SDK\Pay\ND.MCJ.WxPay\ND.MCJ.WxPay.csproj", "{2B09EE1C-A1FD-4850-A5E9-6C4D4B8DEB4E}"
EndProject
Project("{FAE04EC0-301F-11D3-BF4B-00C04F79EFBC}") = "ND.MCJ.Jpush", "Infrastructure\SDK\ND.MCJ.Jpush\ND.MCJ.Jpush.csproj", "{77310EC0-08CA-4209-B222-01E198F4580B}"
EndProject
Project("{FAE04EC0-301F-11D3-BF4B-00C04F79EFBC}") = "NC.MCJ.Domain.Tests", "Tests\NC.MCJ.Domain.Tests\NC.MCJ.Domain.Tests.csproj", "{ED87062B-C9DE-40AE-9612-F59AB8149DA6}"
EndProject
Project("{FAE04EC0-301F-11D3-BF4B-00C04F79EFBC}") = "ND.MCJ.Infrastructure.Tests", "Tests\ND.MCJ.Infrastructure.Tests\ND.MCJ.Infrastructure.Tests.csproj", "{4C381DF5-D824-44F9-90F8-1AB077EF02FA}"
EndProject
Project("{FAE04EC0-301F-11D3-BF4B-00C04F79EFBC}") = "ND.MCJ.AOP", "Infrastructure\ND.MCJ.AOP\ND.MCJ.AOP.csproj", "{1B61B8EC-8820-4508-ABBC-DAE73AE93478}"
EndProject
Project("{2150E333-8FDC-42A3-9474-1A3956D46DE8}") = "SDK", "SDK", "{DC631C33-6317-4B88-B870-28CAEE9A4052}"
EndProject
Project("{2150E333-8FDC-42A3-9474-1A3956D46DE8}") = "Pay", "Pay", "{266F7FE4-9723-4AEC-A246-13E1D2351B42}"
EndProject
Project("{FAE04EC0-301F-11D3-BF4B-00C04F79EFBC}") = "ND.MCJ.IRepository", "Domain\ND.MCJ.IRepository\ND.MCJ.IRepository.csproj", "{B7DB5FB1-63EA-40C2-985C-97586763F3D8}"
EndProject
Project("{FAE04EC0-301F-11D3-BF4B-00C04F79EFBC}") = "ND.MCJ.OutService", "Infrastructure\SDK\ND.MCJ.OutService\ND.MCJ.OutService.csproj", "{6044DA3F-C5A1-439A-922A-75EC850255EB}"
EndProject
Project("{FAE04EC0-301F-11D3-BF4B-00C04F79EFBC}") = "ND.MCJ.AOP.Tests", "Tests\ND.MCJ.AOP.Tests\ND.MCJ.AOP.Tests.csproj", "{FD895043-AAE5-4BC3-B38C-B6366DE37930}"
EndProject
Project("{FAE04EC0-301F-11D3-BF4B-00C04F79EFBC}") = "ND.MCJ.Framework.Tests", "Tests\ND.MCJ.Framework.Tests\ND.MCJ.Framework.Tests.csproj", "{679DC280-25D0-472D-8E22-A795F89EC0FD}"
EndProject
Project("{FAE04EC0-301F-11D3-BF4B-00C04F79EFBC}") = "GeneratModels", "Tools\GeneratModels\GeneratModels.csproj", "{F8013315-B77A-4DCE-AE0C-40137DB0E601}"
EndProject
Project("{FAE04EC0-301F-11D3-BF4B-00C04F79EFBC}") = "ND.MCJ.DataProvider", "Infrastructure\ND.MCJ.DataProvider\ND.MCJ.DataProvider.csproj", "{C9F83BB9-4F64-494C-BC22-B59F3ECBDDAC}"
EndProject
Project("{FAE04EC0-301F-11D3-BF4B-00C04F79EFBC}") = "ND.MCJ.IOC", "Infrastructure\ND.MCJ.IOC\ND.MCJ.IOC.csproj", "{72702E3D-1D1F-476D-911B-B3A45E028EF5}"
EndProject
Project("{2150E333-8FDC-42A3-9474-1A3956D46DE8}") = "Gulpfile", "Gulpfile", "{EC572C92-C9A7-4CD1-A628-3FD00C9CA534}"
	ProjectSection(SolutionItems) = preProject
		Gulpfile\Gulpfile.js = Gulpfile\Gulpfile.js
		Gulpfile\Package.json = Gulpfile\Package.json
	EndProjectSection
EndProject
Project("{2150E333-8FDC-42A3-9474-1A3956D46DE8}") = "Service", "Service", "{0614F4BA-F479-49FB-9A46-D0F8AC3AD8FA}"
EndProject
Project("{FAE04EC0-301F-11D3-BF4B-00C04F79EFBC}") = "ND.MCJ.AdminWebService", "Domain\Service\ND.MCJ.AdminService\ND.MCJ.AdminWebService.csproj", "{FA22CBB3-C986-47C0-A521-B07F171A03C6}"
EndProject
Global
	GlobalSection(SolutionConfigurationPlatforms) = preSolution
		Debug|Any CPU = Debug|Any CPU
		Release|Any CPU = Release|Any CPU
	EndGlobalSection
	GlobalSection(ProjectConfigurationPlatforms) = postSolution
		{40270466-EF2C-4664-A0EF-7570F1778588}.Debug|Any CPU.ActiveCfg = Debug|Any CPU
		{40270466-EF2C-4664-A0EF-7570F1778588}.Debug|Any CPU.Build.0 = Debug|Any CPU
		{40270466-EF2C-4664-A0EF-7570F1778588}.Release|Any CPU.ActiveCfg = Release|Any CPU
		{40270466-EF2C-4664-A0EF-7570F1778588}.Release|Any CPU.Build.0 = Release|Any CPU
		{4FD47D60-9782-494A-BC99-A3A09062E018}.Debug|Any CPU.ActiveCfg = Debug|Any CPU
		{4FD47D60-9782-494A-BC99-A3A09062E018}.Debug|Any CPU.Build.0 = Debug|Any CPU
		{4FD47D60-9782-494A-BC99-A3A09062E018}.Release|Any CPU.ActiveCfg = Release|Any CPU
		{4FD47D60-9782-494A-BC99-A3A09062E018}.Release|Any CPU.Build.0 = Release|Any CPU
		{74B6F92F-996D-429D-AD7B-C75BEE2135E0}.Debug|Any CPU.ActiveCfg = Debug|Any CPU
		{74B6F92F-996D-429D-AD7B-C75BEE2135E0}.Debug|Any CPU.Build.0 = Debug|Any CPU
		{74B6F92F-996D-429D-AD7B-C75BEE2135E0}.Release|Any CPU.ActiveCfg = Release|Any CPU
		{74B6F92F-996D-429D-AD7B-C75BEE2135E0}.Release|Any CPU.Build.0 = Release|Any CPU
		{812BC872-EAEA-4735-90CA-6EB57A61E1B4}.Debug|Any CPU.ActiveCfg = Debug|Any CPU
		{812BC872-EAEA-4735-90CA-6EB57A61E1B4}.Debug|Any CPU.Build.0 = Debug|Any CPU
		{812BC872-EAEA-4735-90CA-6EB57A61E1B4}.Release|Any CPU.ActiveCfg = Release|Any CPU
		{812BC872-EAEA-4735-90CA-6EB57A61E1B4}.Release|Any CPU.Build.0 = Release|Any CPU
		{C0E2541C-896A-443C-9D1F-46BC6E5A501F}.Debug|Any CPU.ActiveCfg = Debug|Any CPU
		{C0E2541C-896A-443C-9D1F-46BC6E5A501F}.Debug|Any CPU.Build.0 = Debug|Any CPU
		{C0E2541C-896A-443C-9D1F-46BC6E5A501F}.Release|Any CPU.ActiveCfg = Release|Any CPU
		{C0E2541C-896A-443C-9D1F-46BC6E5A501F}.Release|Any CPU.Build.0 = Release|Any CPU
		{F22B6FC7-3CA6-4100-AB1D-11845AF7DA30}.Debug|Any CPU.ActiveCfg = Debug|Any CPU
		{F22B6FC7-3CA6-4100-AB1D-11845AF7DA30}.Debug|Any CPU.Build.0 = Debug|Any CPU
		{F22B6FC7-3CA6-4100-AB1D-11845AF7DA30}.Release|Any CPU.ActiveCfg = Release|Any CPU
		{F22B6FC7-3CA6-4100-AB1D-11845AF7DA30}.Release|Any CPU.Build.0 = Release|Any CPU
		{83D75E01-DF9A-443C-A34F-C59532B491E6}.Debug|Any CPU.ActiveCfg = Debug|Any CPU
		{83D75E01-DF9A-443C-A34F-C59532B491E6}.Debug|Any CPU.Build.0 = Debug|Any CPU
		{83D75E01-DF9A-443C-A34F-C59532B491E6}.Release|Any CPU.ActiveCfg = Release|Any CPU
		{83D75E01-DF9A-443C-A34F-C59532B491E6}.Release|Any CPU.Build.0 = Release|Any CPU
		{E37794BC-0E2B-4350-AAAF-78772B6B1D69}.Debug|Any CPU.ActiveCfg = Debug|Any CPU
		{E37794BC-0E2B-4350-AAAF-78772B6B1D69}.Debug|Any CPU.Build.0 = Debug|Any CPU
		{E37794BC-0E2B-4350-AAAF-78772B6B1D69}.Release|Any CPU.ActiveCfg = Release|Any CPU
		{E37794BC-0E2B-4350-AAAF-78772B6B1D69}.Release|Any CPU.Build.0 = Release|Any CPU
		{59F3AD59-89D5-4321-98E3-FBF52CAC8E59}.Debug|Any CPU.ActiveCfg = Debug|Any CPU
		{59F3AD59-89D5-4321-98E3-FBF52CAC8E59}.Debug|Any CPU.Build.0 = Debug|Any CPU
		{59F3AD59-89D5-4321-98E3-FBF52CAC8E59}.Release|Any CPU.ActiveCfg = Release|Any CPU
		{59F3AD59-89D5-4321-98E3-FBF52CAC8E59}.Release|Any CPU.Build.0 = Release|Any CPU
		{6E7BEF89-EEE0-4475-AEDF-0652AE4276EE}.Debug|Any CPU.ActiveCfg = Debug|Any CPU
		{6E7BEF89-EEE0-4475-AEDF-0652AE4276EE}.Debug|Any CPU.Build.0 = Debug|Any CPU
		{6E7BEF89-EEE0-4475-AEDF-0652AE4276EE}.Release|Any CPU.ActiveCfg = Release|Any CPU
		{6E7BEF89-EEE0-4475-AEDF-0652AE4276EE}.Release|Any CPU.Build.0 = Release|Any CPU
		{511FACF4-A153-4294-87AF-F2D8645F0489}.Debug|Any CPU.ActiveCfg = Debug|Any CPU
		{511FACF4-A153-4294-87AF-F2D8645F0489}.Debug|Any CPU.Build.0 = Debug|Any CPU
		{511FACF4-A153-4294-87AF-F2D8645F0489}.Release|Any CPU.ActiveCfg = Release|Any CPU
		{511FACF4-A153-4294-87AF-F2D8645F0489}.Release|Any CPU.Build.0 = Release|Any CPU
		{A1C9442A-7110-4AE5-AB59-597D5F3A6803}.Debug|Any CPU.ActiveCfg = Debug|Any CPU
		{A1C9442A-7110-4AE5-AB59-597D5F3A6803}.Debug|Any CPU.Build.0 = Debug|Any CPU
		{A1C9442A-7110-4AE5-AB59-597D5F3A6803}.Release|Any CPU.ActiveCfg = Release|Any CPU
		{A1C9442A-7110-4AE5-AB59-597D5F3A6803}.Release|Any CPU.Build.0 = Release|Any CPU
		{19AF2529-9694-469A-8275-94D8651F57AF}.Debug|Any CPU.ActiveCfg = Debug|Any CPU
		{19AF2529-9694-469A-8275-94D8651F57AF}.Debug|Any CPU.Build.0 = Debug|Any CPU
		{19AF2529-9694-469A-8275-94D8651F57AF}.Release|Any CPU.ActiveCfg = Release|Any CPU
		{19AF2529-9694-469A-8275-94D8651F57AF}.Release|Any CPU.Build.0 = Release|Any CPU
		{26B78DE3-B1CC-4BCF-A5F8-A0528046B08D}.Debug|Any CPU.ActiveCfg = Debug|Any CPU
		{26B78DE3-B1CC-4BCF-A5F8-A0528046B08D}.Debug|Any CPU.Build.0 = Debug|Any CPU
		{26B78DE3-B1CC-4BCF-A5F8-A0528046B08D}.Release|Any CPU.ActiveCfg = Release|Any CPU
		{26B78DE3-B1CC-4BCF-A5F8-A0528046B08D}.Release|Any CPU.Build.0 = Release|Any CPU
		{2B09EE1C-A1FD-4850-A5E9-6C4D4B8DEB4E}.Debug|Any CPU.ActiveCfg = Debug|Any CPU
		{2B09EE1C-A1FD-4850-A5E9-6C4D4B8DEB4E}.Debug|Any CPU.Build.0 = Debug|Any CPU
		{2B09EE1C-A1FD-4850-A5E9-6C4D4B8DEB4E}.Release|Any CPU.ActiveCfg = Release|Any CPU
		{2B09EE1C-A1FD-4850-A5E9-6C4D4B8DEB4E}.Release|Any CPU.Build.0 = Release|Any CPU
		{77310EC0-08CA-4209-B222-01E198F4580B}.Debug|Any CPU.ActiveCfg = Debug|Any CPU
		{77310EC0-08CA-4209-B222-01E198F4580B}.Debug|Any CPU.Build.0 = Debug|Any CPU
		{77310EC0-08CA-4209-B222-01E198F4580B}.Release|Any CPU.ActiveCfg = Release|Any CPU
		{77310EC0-08CA-4209-B222-01E198F4580B}.Release|Any CPU.Build.0 = Release|Any CPU
		{ED87062B-C9DE-40AE-9612-F59AB8149DA6}.Debug|Any CPU.ActiveCfg = Debug|Any CPU
		{ED87062B-C9DE-40AE-9612-F59AB8149DA6}.Debug|Any CPU.Build.0 = Debug|Any CPU
		{ED87062B-C9DE-40AE-9612-F59AB8149DA6}.Release|Any CPU.ActiveCfg = Release|Any CPU
		{ED87062B-C9DE-40AE-9612-F59AB8149DA6}.Release|Any CPU.Build.0 = Release|Any CPU
		{4C381DF5-D824-44F9-90F8-1AB077EF02FA}.Debug|Any CPU.ActiveCfg = Debug|Any CPU
		{4C381DF5-D824-44F9-90F8-1AB077EF02FA}.Debug|Any CPU.Build.0 = Debug|Any CPU
		{4C381DF5-D824-44F9-90F8-1AB077EF02FA}.Release|Any CPU.ActiveCfg = Release|Any CPU
		{4C381DF5-D824-44F9-90F8-1AB077EF02FA}.Release|Any CPU.Build.0 = Release|Any CPU
		{1B61B8EC-8820-4508-ABBC-DAE73AE93478}.Debug|Any CPU.ActiveCfg = Debug|Any CPU
		{1B61B8EC-8820-4508-ABBC-DAE73AE93478}.Debug|Any CPU.Build.0 = Debug|Any CPU
		{1B61B8EC-8820-4508-ABBC-DAE73AE93478}.Release|Any CPU.ActiveCfg = Release|Any CPU
		{1B61B8EC-8820-4508-ABBC-DAE73AE93478}.Release|Any CPU.Build.0 = Release|Any CPU
		{B7DB5FB1-63EA-40C2-985C-97586763F3D8}.Debug|Any CPU.ActiveCfg = Debug|Any CPU
		{B7DB5FB1-63EA-40C2-985C-97586763F3D8}.Debug|Any CPU.Build.0 = Debug|Any CPU
		{B7DB5FB1-63EA-40C2-985C-97586763F3D8}.Release|Any CPU.ActiveCfg = Release|Any CPU
		{B7DB5FB1-63EA-40C2-985C-97586763F3D8}.Release|Any CPU.Build.0 = Release|Any CPU
		{6044DA3F-C5A1-439A-922A-75EC850255EB}.Debug|Any CPU.ActiveCfg = Debug|Any CPU
		{6044DA3F-C5A1-439A-922A-75EC850255EB}.Debug|Any CPU.Build.0 = Debug|Any CPU
		{6044DA3F-C5A1-439A-922A-75EC850255EB}.Release|Any CPU.ActiveCfg = Release|Any CPU
		{6044DA3F-C5A1-439A-922A-75EC850255EB}.Release|Any CPU.Build.0 = Release|Any CPU
		{FD895043-AAE5-4BC3-B38C-B6366DE37930}.Debug|Any CPU.ActiveCfg = Debug|Any CPU
		{FD895043-AAE5-4BC3-B38C-B6366DE37930}.Debug|Any CPU.Build.0 = Debug|Any CPU
		{FD895043-AAE5-4BC3-B38C-B6366DE37930}.Release|Any CPU.ActiveCfg = Release|Any CPU
		{FD895043-AAE5-4BC3-B38C-B6366DE37930}.Release|Any CPU.Build.0 = Release|Any CPU
		{679DC280-25D0-472D-8E22-A795F89EC0FD}.Debug|Any CPU.ActiveCfg = Debug|Any CPU
		{679DC280-25D0-472D-8E22-A795F89EC0FD}.Debug|Any CPU.Build.0 = Debug|Any CPU
		{679DC280-25D0-472D-8E22-A795F89EC0FD}.Release|Any CPU.ActiveCfg = Release|Any CPU
		{679DC280-25D0-472D-8E22-A795F89EC0FD}.Release|Any CPU.Build.0 = Release|Any CPU
		{F8013315-B77A-4DCE-AE0C-40137DB0E601}.Debug|Any CPU.ActiveCfg = Debug|Any CPU
		{F8013315-B77A-4DCE-AE0C-40137DB0E601}.Debug|Any CPU.Build.0 = Debug|Any CPU
		{F8013315-B77A-4DCE-AE0C-40137DB0E601}.Release|Any CPU.ActiveCfg = Release|Any CPU
		{F8013315-B77A-4DCE-AE0C-40137DB0E601}.Release|Any CPU.Build.0 = Release|Any CPU
		{C9F83BB9-4F64-494C-BC22-B59F3ECBDDAC}.Debug|Any CPU.ActiveCfg = Debug|Any CPU
		{C9F83BB9-4F64-494C-BC22-B59F3ECBDDAC}.Debug|Any CPU.Build.0 = Debug|Any CPU
		{C9F83BB9-4F64-494C-BC22-B59F3ECBDDAC}.Release|Any CPU.ActiveCfg = Release|Any CPU
		{C9F83BB9-4F64-494C-BC22-B59F3ECBDDAC}.Release|Any CPU.Build.0 = Release|Any CPU
		{72702E3D-1D1F-476D-911B-B3A45E028EF5}.Debug|Any CPU.ActiveCfg = Debug|Any CPU
		{72702E3D-1D1F-476D-911B-B3A45E028EF5}.Debug|Any CPU.Build.0 = Debug|Any CPU
		{72702E3D-1D1F-476D-911B-B3A45E028EF5}.Release|Any CPU.ActiveCfg = Release|Any CPU
		{72702E3D-1D1F-476D-911B-B3A45E028EF5}.Release|Any CPU.Build.0 = Release|Any CPU
		{FA22CBB3-C986-47C0-A521-B07F171A03C6}.Debug|Any CPU.ActiveCfg = Debug|Any CPU
		{FA22CBB3-C986-47C0-A521-B07F171A03C6}.Debug|Any CPU.Build.0 = Debug|Any CPU
		{FA22CBB3-C986-47C0-A521-B07F171A03C6}.Release|Any CPU.ActiveCfg = Release|Any CPU
		{FA22CBB3-C986-47C0-A521-B07F171A03C6}.Release|Any CPU.Build.0 = Release|Any CPU
	EndGlobalSection
	GlobalSection(SolutionProperties) = preSolution
		HideSolutionNode = FALSE
	EndGlobalSection
	GlobalSection(NestedProjects) = preSolution
		{40270466-EF2C-4664-A0EF-7570F1778588} = {CAA2B20B-DF07-4AE2-B192-7D85E595E1FA}
		{4FD47D60-9782-494A-BC99-A3A09062E018} = {656F52EF-DDD5-4A18-8E2B-1E96FFCF21D7}
		{74B6F92F-996D-429D-AD7B-C75BEE2135E0} = {80B456A4-FCCD-4178-BE51-A6DE786C9364}
		{812BC872-EAEA-4735-90CA-6EB57A61E1B4} = {656F52EF-DDD5-4A18-8E2B-1E96FFCF21D7}
		{C0E2541C-896A-443C-9D1F-46BC6E5A501F} = {80B456A4-FCCD-4178-BE51-A6DE786C9364}
		{F22B6FC7-3CA6-4100-AB1D-11845AF7DA30} = {80B456A4-FCCD-4178-BE51-A6DE786C9364}
		{83D75E01-DF9A-443C-A34F-C59532B491E6} = {D6FF15EF-8B0A-43B3-BA08-5C99F6F9EBA7}
		{E37794BC-0E2B-4350-AAAF-78772B6B1D69} = {0614F4BA-F479-49FB-9A46-D0F8AC3AD8FA}
		{59F3AD59-89D5-4321-98E3-FBF52CAC8E59} = {D6FF15EF-8B0A-43B3-BA08-5C99F6F9EBA7}
		{6E7BEF89-EEE0-4475-AEDF-0652AE4276EE} = {35270BA1-FB7F-4BC1-A5E7-AD57D0663054}
		{511FACF4-A153-4294-87AF-F2D8645F0489} = {DC631C33-6317-4B88-B870-28CAEE9A4052}
		{A1C9442A-7110-4AE5-AB59-597D5F3A6803} = {DC631C33-6317-4B88-B870-28CAEE9A4052}
		{19AF2529-9694-469A-8275-94D8651F57AF} = {266F7FE4-9723-4AEC-A246-13E1D2351B42}
		{26B78DE3-B1CC-4BCF-A5F8-A0528046B08D} = {266F7FE4-9723-4AEC-A246-13E1D2351B42}
		{2B09EE1C-A1FD-4850-A5E9-6C4D4B8DEB4E} = {266F7FE4-9723-4AEC-A246-13E1D2351B42}
		{77310EC0-08CA-4209-B222-01E198F4580B} = {DC631C33-6317-4B88-B870-28CAEE9A4052}
		{ED87062B-C9DE-40AE-9612-F59AB8149DA6} = {656F52EF-DDD5-4A18-8E2B-1E96FFCF21D7}
		{4C381DF5-D824-44F9-90F8-1AB077EF02FA} = {656F52EF-DDD5-4A18-8E2B-1E96FFCF21D7}
		{1B61B8EC-8820-4508-ABBC-DAE73AE93478} = {35270BA1-FB7F-4BC1-A5E7-AD57D0663054}
		{DC631C33-6317-4B88-B870-28CAEE9A4052} = {35270BA1-FB7F-4BC1-A5E7-AD57D0663054}
		{266F7FE4-9723-4AEC-A246-13E1D2351B42} = {DC631C33-6317-4B88-B870-28CAEE9A4052}
		{B7DB5FB1-63EA-40C2-985C-97586763F3D8} = {D6FF15EF-8B0A-43B3-BA08-5C99F6F9EBA7}
		{6044DA3F-C5A1-439A-922A-75EC850255EB} = {DC631C33-6317-4B88-B870-28CAEE9A4052}
		{FD895043-AAE5-4BC3-B38C-B6366DE37930} = {656F52EF-DDD5-4A18-8E2B-1E96FFCF21D7}
		{679DC280-25D0-472D-8E22-A795F89EC0FD} = {656F52EF-DDD5-4A18-8E2B-1E96FFCF21D7}
		{F8013315-B77A-4DCE-AE0C-40137DB0E601} = {1C3CC3B9-5EF3-4C59-8947-3AB70937CEDF}
		{C9F83BB9-4F64-494C-BC22-B59F3ECBDDAC} = {35270BA1-FB7F-4BC1-A5E7-AD57D0663054}
		{72702E3D-1D1F-476D-911B-B3A45E028EF5} = {35270BA1-FB7F-4BC1-A5E7-AD57D0663054}
		{0614F4BA-F479-49FB-9A46-D0F8AC3AD8FA} = {D6FF15EF-8B0A-43B3-BA08-5C99F6F9EBA7}
		{FA22CBB3-C986-47C0-A521-B07F171A03C6} = {0614F4BA-F479-49FB-9A46-D0F8AC3AD8FA}
	EndGlobalSection
EndGlobal
